
Microsoft Visual Studio Solution File, Format Version 12.00
# Visual Studio Version 17
VisualStudioVersion = 17.5.002.0
MinimumVisualStudioVersion = 10.0.40219.1
Project("{9A19103F-16F7-4668-BE54-9A1E7A4F7556}") = "dotnet-rpg", "dotnet-rpg.csproj", "{6759D47F-D884-49A7-9F6A-F8AE6EA74173}"
EndProject
Global
	GlobalSection(SolutionConfigurationPlatforms) = preSolution
		Debug|Any CPU = Debug|Any CPU
		Release|Any CPU = Release|Any CPU
	EndGlobalSection
	GlobalSection(ProjectConfigurationPlatforms) = postSolution
		{6759D47F-D884-49A7-9F6A-F8AE6EA74173}.Debug|Any CPU.ActiveCfg = Debug|Any CPU
		{6759D47F-D884-49A7-9F6A-F8AE6EA74173}.Debug|Any CPU.Build.0 = Debug|Any CPU
		{6759D47F-D884-49A7-9F6A-F8AE6EA74173}.Release|Any CPU.ActiveCfg = Release|Any CPU
		{6759D47F-D884-49A7-9F6A-F8AE6EA74173}.Release|Any CPU.Build.0 = Release|Any CPU
	EndGlobalSection
	GlobalSection(SolutionProperties) = preSolution
		HideSolutionNode = FALSE
	EndGlobalSection
	GlobalSection(ExtensibilityGlobals) = postSolution
		SolutionGuid = {F73CFD00-A085-4259-962F-4B512B2BD9C4}
	EndGlobalSection
EndGlobal
